github.com/masterzen/xmlpath v0.0.0-20140218185901-13f4951698ad h1:x50MyJNOPLsHR1euYRIaBx3Z2wlE0UPfZOHSYD+Flo0=
github.com/masterzen/xmlpath v0.0.0-20140218185901-13f4951698ad/go.mod h1:A0zPC53iKKKcXYxr4ROjpQRQ5FgJXtelNdSmHHuq/tY=
github.com/nanu-c/qml-go v0.0.0-20201002212753-238e81315528 h1:2lBVfvmRfsf0hCmRUleZ5YP6krzNVFUoAz0LcIDoR28=
github.com/nanu-c/qml-go v0.0.0-20201002212753-238e81315528/go.mod h1:+CWJBokLe0H9JxwjmEDa+duYU4Al/DB6+1r+M8dOHQE=
golang.org/x/sys v0.0.0-20220520151302-bc2c85ada10a h1:dGzPydgVsqGcTRVwiLJ1jVbufYwmzD3LfVPLKsKg+0k=
golang.org/x/sys v0.0.0-20220520151302-bc2c85ada10a/go.mod h1:oPkhp1MJrh7nUepCBck5+mAzfO9JrbApNNgaTdGDITg=
